// !$*UTF8*$!
{
	archiveVersion = 1;
	classes = {
	};
	objectVersion = 56;
	objects = {

/* Begin PBXBuildFile section */
		508FC984DCE9B28B8B04E774 /* Pods_RickAndMortyYapDatabase.framework in Frameworks */ = {isa = PBXBuildFile; fileRef = 3D03EE6E8B5DFC7D6D64F26A /* Pods_RickAndMortyYapDatabase.framework */; };
		E1B1D7562CD912EF00013386 /* AppDelegate.swift in Sources */ = {isa = PBXBuildFile; fileRef = E1B1D7552CD912EF00013386 /* AppDelegate.swift */; };
		E1B1D7582CD912EF00013386 /* SceneDelegate.swift in Sources */ = {isa = PBXBuildFile; fileRef = E1B1D7572CD912EF00013386 /* SceneDelegate.swift */; };
		E1B1D75A2CD912EF00013386 /* ViewController.swift in Sources */ = {isa = PBXBuildFile; fileRef = E1B1D7592CD912EF00013386 /* ViewController.swift */; };
		E1B1D75F2CD912F000013386 /* Assets.xcassets in Resources */ = {isa = PBXBuildFile; fileRef = E1B1D75E2CD912F000013386 /* Assets.xcassets */; };
		E1B1D7622CD912F000013386 /* LaunchScreen.storyboard in Resources */ = {isa = PBXBuildFile; fileRef = E1B1D7602CD912F000013386 /* LaunchScreen.storyboard */; };
		E1B1D76A2CD913D100013386 /* CharacterTableViewCell.swift in Sources */ = {isa = PBXBuildFile; fileRef = E1B1D7692CD913D100013386 /* CharacterTableViewCell.swift */; };
		E1B1D76C2CD913DC00013386 /* CustomUILabel.swift in Sources */ = {isa = PBXBuildFile; fileRef = E1B1D76B2CD913DC00013386 /* CustomUILabel.swift */; };
		E1B1D7722CD9146D00013386 /* SnapKit in Frameworks */ = {isa = PBXBuildFile; productRef = E1B1D7712CD9146D00013386 /* SnapKit */; };
		E1B1D7742CD914B300013386 /* Character.swift in Sources */ = {isa = PBXBuildFile; fileRef = E1B1D7732CD914B300013386 /* Character.swift */; };
		E1B1D7762CD914BE00013386 /* NetworkManager.swift in Sources */ = {isa = PBXBuildFile; fileRef = E1B1D7752CD914BE00013386 /* NetworkManager.swift */; };
		E1B1D7782CD914C900013386 /* NetworkError.swift in Sources */ = {isa = PBXBuildFile; fileRef = E1B1D7772CD914C900013386 /* NetworkError.swift */; };
		E1B1D77A2CD914D500013386 /* ImageLoader.swift in Sources */ = {isa = PBXBuildFile; fileRef = E1B1D7792CD914D500013386 /* ImageLoader.swift */; };
		E1B1D77C2CD9157800013386 /* StorageManager.swift in Sources */ = {isa = PBXBuildFile; fileRef = E1B1D77B2CD9157800013386 /* StorageManager.swift */; };
/* End PBXBuildFile section */

/* Begin PBXFileReference section */
		3D03EE6E8B5DFC7D6D64F26A /* Pods_RickAndMortyYapDatabase.framework */ = {isa = PBXFileReference; explicitFileType = wrapper.framework; includeInIndex = 0; path = Pods_RickAndMortyYapDatabase.framework; sourceTree = BUILT_PRODUCTS_DIR; };
		67373AB9E3EAB84504683AC9 /* Pods-RickAndMortyYapDatabase.debug.xcconfig */ = {isa = PBXFileReference; includeInIndex = 1; lastKnownFileType = text.xcconfig; name = "Pods-RickAndMortyYapDatabase.debug.xcconfig"; path = "Target Support Files/Pods-RickAndMortyYapDatabase/Pods-RickAndMortyYapDatabase.debug.xcconfig"; sourceTree = "<group>"; };
		9C5C8372386C477C060F6FA8 /* Pods-RickAndMortyYapDatabase.release.xcconfig */ = {isa = PBXFileReference; includeInIndex = 1; lastKnownFileType = text.xcconfig; name = "Pods-RickAndMortyYapDatabase.release.xcconfig"; path = "Target Support Files/Pods-RickAndMortyYapDatabase/Pods-RickAndMortyYapDatabase.release.xcconfig"; sourceTree = "<group>"; };
		E1B1D7522CD912EF00013386 /* RickAndMortyYapDatabase.app */ = {isa = PBXFileReference; explicitFileType = wrapper.application; includeInIndex = 0; path = RickAndMortyYapDatabase.app; sourceTree = BUILT_PRODUCTS_DIR; };
		E1B1D7552CD912EF00013386 /* AppDelegate.swift */ = {isa = PBXFileReference; lastKnownFileType = sourcecode.swift; path = AppDelegate.swift; sourceTree = "<group>"; };
		E1B1D7572CD912EF00013386 /* SceneDelegate.swift */ = {isa = PBXFileReference; lastKnownFileType = sourcecode.swift; path = SceneDelegate.swift; sourceTree = "<group>"; };
		E1B1D7592CD912EF00013386 /* ViewController.swift */ = {isa = PBXFileReference; lastKnownFileType = sourcecode.swift; path = ViewController.swift; sourceTree = "<group>"; };
		E1B1D75E2CD912F000013386 /* Assets.xcassets */ = {isa = PBXFileReference; lastKnownFileType = folder.assetcatalog; path = Assets.xcassets; sourceTree = "<group>"; };
		E1B1D7612CD912F000013386 /* Base */ = {isa = PBXFileReference; lastKnownFileType = file.storyboard; name = Base; path = Base.lproj/LaunchScreen.storyboard; sourceTree = "<group>"; };
		E1B1D7632CD912F000013386 /* Info.plist */ = {isa = PBXFileReference; lastKnownFileType = text.plist.xml; path = Info.plist; sourceTree = "<group>"; };
		E1B1D7692CD913D100013386 /* CharacterTableViewCell.swift */ = {isa = PBXFileReference; lastKnownFileType = sourcecode.swift; path = CharacterTableViewCell.swift; sourceTree = "<group>"; };
		E1B1D76B2CD913DC00013386 /* CustomUILabel.swift */ = {isa = PBXFileReference; lastKnownFileType = sourcecode.swift; path = CustomUILabel.swift; sourceTree = "<group>"; };
		E1B1D7732CD914B300013386 /* Character.swift */ = {isa = PBXFileReference; lastKnownFileType = sourcecode.swift; path = Character.swift; sourceTree = "<group>"; };
		E1B1D7752CD914BE00013386 /* NetworkManager.swift */ = {isa = PBXFileReference; lastKnownFileType = sourcecode.swift; path = NetworkManager.swift; sourceTree = "<group>"; };
		E1B1D7772CD914C900013386 /* NetworkError.swift */ = {isa = PBXFileReference; lastKnownFileType = sourcecode.swift; path = NetworkError.swift; sourceTree = "<group>"; };
		E1B1D7792CD914D500013386 /* ImageLoader.swift */ = {isa = PBXFileReference; lastKnownFileType = sourcecode.swift; path = ImageLoader.swift; sourceTree = "<group>"; };
		E1B1D77B2CD9157800013386 /* StorageManager.swift */ = {isa = PBXFileReference; lastKnownFileType = sourcecode.swift; path = StorageManager.swift; sourceTree = "<group>"; };
/* End PBXFileReference section */

/* Begin PBXFrameworksBuildPhase section */
		E1B1D74F2CD912EF00013386 /* Frameworks */ = {
			isa = PBXFrameworksBuildPhase;
			buildActionMask = 2147483647;
			files = (
				E1B1D7722CD9146D00013386 /* SnapKit in Frameworks */,
				508FC984DCE9B28B8B04E774 /* Pods_RickAndMortyYapDatabase.framework in Frameworks */,
			);
			runOnlyForDeploymentPostprocessing = 0;
		};
/* End PBXFrameworksBuildPhase section */

/* Begin PBXGroup section */
		30FA0ACBABD4C48F666D2258 /* Frameworks */ = {
			isa = PBXGroup;
			children = (
				3D03EE6E8B5DFC7D6D64F26A /* Pods_RickAndMortyYapDatabase.framework */,
			);
			name = Frameworks;
			sourceTree = "<group>";
		};
		486A6DD103D4BACC316DFFC0 /* Pods */ = {
			isa = PBXGroup;
			children = (
				67373AB9E3EAB84504683AC9 /* Pods-RickAndMortyYapDatabase.debug.xcconfig */,
				9C5C8372386C477C060F6FA8 /* Pods-RickAndMortyYapDatabase.release.xcconfig */,
			);
			path = Pods;
			sourceTree = "<group>";
		};
		E1B1D7492CD912EF00013386 = {
			isa = PBXGroup;
			children = (
				E1B1D7542CD912EF00013386 /* RickAndMortyYapDatabase */,
				E1B1D7532CD912EF00013386 /* Products */,
				486A6DD103D4BACC316DFFC0 /* Pods */,
				30FA0ACBABD4C48F666D2258 /* Frameworks */,
			);
			sourceTree = "<group>";
		};
		E1B1D7532CD912EF00013386 /* Products */ = {
			isa = PBXGroup;
			children = (
				E1B1D7522CD912EF00013386 /* RickAndMortyYapDatabase.app */,
			);
			name = Products;
			sourceTree = "<group>";
		};
		E1B1D7542CD912EF00013386 /* RickAndMortyYapDatabase */ = {
			isa = PBXGroup;
			children = (
				E1B1D7552CD912EF00013386 /* AppDelegate.swift */,
				E1B1D7572CD912EF00013386 /* SceneDelegate.swift */,
				E1B1D7592CD912EF00013386 /* ViewController.swift */,
				E1B1D7692CD913D100013386 /* CharacterTableViewCell.swift */,
				E1B1D76B2CD913DC00013386 /* CustomUILabel.swift */,
				E1B1D7732CD914B300013386 /* Character.swift */,
				E1B1D7752CD914BE00013386 /* NetworkManager.swift */,
				E1B1D7772CD914C900013386 /* NetworkError.swift */,
				E1B1D7792CD914D500013386 /* ImageLoader.swift */,
				E1B1D77B2CD9157800013386 /* StorageManager.swift */,
				E1B1D75E2CD912F000013386 /* Assets.xcassets */,
				E1B1D7602CD912F000013386 /* LaunchScreen.storyboard */,
				E1B1D7632CD912F000013386 /* Info.plist */,
			);
			path = RickAndMortyYapDatabase;
			sourceTree = "<group>";
		};
/* End PBXGroup section */

/* Begin PBXNativeTarget section */
		E1B1D7512CD912EF00013386 /* RickAndMortyYapDatabase */ = {
			isa = PBXNativeTarget;
			buildConfigurationList = E1B1D7662CD912F000013386 /* Build configuration list for PBXNativeTarget "RickAndMortyYapDatabase" */;
			buildPhases = (
				31AC81E9B3BFE499AD0DA445 /* [CP] Check Pods Manifest.lock */,
				E1B1D74E2CD912EF00013386 /* Sources */,
				E1B1D74F2CD912EF00013386 /* Frameworks */,
				E1B1D7502CD912EF00013386 /* Resources */,
				3358A84972F30E0FA9136183 /* [CP] Embed Pods Frameworks */,
			);
			buildRules = (
			);
			dependencies = (
			);
			name = RickAndMortyYapDatabase;
			packageProductDependencies = (
				E1B1D7712CD9146D00013386 /* SnapKit */,
			);
			productName = RickAndMortyYapDatabase;
			productReference = E1B1D7522CD912EF00013386 /* RickAndMortyYapDatabase.app */;
			productType = "com.apple.product-type.application";
		};
/* End PBXNativeTarget section */

/* Begin PBXProject section */
		E1B1D74A2CD912EF00013386 /* Project object */ = {
			isa = PBXProject;
			attributes = {
				BuildIndependentTargetsInParallel = 1;
				LastSwiftUpdateCheck = 1430;
				LastUpgradeCheck = 1430;
				TargetAttributes = {
					E1B1D7512CD912EF00013386 = {
						CreatedOnToolsVersion = 14.3.1;
					};
				};
			};
			buildConfigurationList = E1B1D74D2CD912EF00013386 /* Build configuration list for PBXProject "RickAndMortyYapDatabase" */;
			compatibilityVersion = "Xcode 14.0";
			developmentRegion = en;
			hasScannedForEncodings = 0;
			knownRegions = (
				en,
				Base,
			);
			mainGroup = E1B1D7492CD912EF00013386;
			packageReferences = (
				E1B1D7702CD9146D00013386 /* XCRemoteSwiftPackageReference "SnapKit" */,
			);
			productRefGroup = E1B1D7532CD912EF00013386 /* Products */;
			projectDirPath = "";
			projectRoot = "";
			targets = (
				E1B1D7512CD912EF00013386 /* RickAndMortyYapDatabase */,
			);
		};
/* End PBXProject section */

/* Begin PBXResourcesBuildPhase section */
		E1B1D7502CD912EF00013386 /* Resources */ = {
			isa = PBXResourcesBuildPhase;
			buildActionMask = 2147483647;
			files = (
				E1B1D7622CD912F000013386 /* LaunchScreen.storyboard in Resources */,
				E1B1D75F2CD912F000013386 /* Assets.xcassets in Resources */,
			);
			runOnlyForDeploymentPostprocessing = 0;
		};
/* End PBXResourcesBuildPhase section */

/* Begin PBXShellScriptBuildPhase section */
		31AC81E9B3BFE499AD0DA445 /* [CP] Check Pods Manifest.lock */ = {
			isa = PBXShellScriptBuildPhase;
			buildActionMask = 2147483647;
			files = (
			);
			inputFileListPaths = (
			);
			inputPaths = (
				"${PODS_PODFILE_DIR_PATH}/Podfile.lock",
				"${PODS_ROOT}/Manifest.lock",
			);
			name = "[CP] Check Pods Manifest.lock";
			outputFileListPaths = (
			);
			outputPaths = (
				"$(DERIVED_FILE_DIR)/Pods-RickAndMortyYapDatabase-checkManifestLockResult.txt",
			);
			runOnlyForDeploymentPostprocessing = 0;
			shellPath = /bin/sh;
			shellScript = "diff \"${PODS_PODFILE_DIR_PATH}/Podfile.lock\" \"${PODS_ROOT}/Manifest.lock\" > /dev/null\nif [ $? != 0 ] ; then\n    # print error to STDERR\n    echo \"error: The sandbox is not in sync with the Podfile.lock. Run 'pod install' or update your CocoaPods installation.\" >&2\n    exit 1\nfi\n# This output is used by Xcode 'outputs' to avoid re-running this script phase.\necho \"SUCCESS\" > \"${SCRIPT_OUTPUT_FILE_0}\"\n";
			showEnvVarsInLog = 0;
		};
		3358A84972F30E0FA9136183 /* [CP] Embed Pods Frameworks */ = {
			isa = PBXShellScriptBuildPhase;
			buildActionMask = 2147483647;
			files = (
			);
			inputFileListPaths = (
				"${PODS_ROOT}/Target Support Files/Pods-RickAndMortyYapDatabase/Pods-RickAndMortyYapDatabase-frameworks-${CONFIGURATION}-input-files.xcfilelist",
			);
			name = "[CP] Embed Pods Frameworks";
			outputFileListPaths = (
				"${PODS_ROOT}/Target Support Files/Pods-RickAndMortyYapDatabase/Pods-RickAndMortyYapDatabase-frameworks-${CONFIGURATION}-output-files.xcfilelist",
			);
			runOnlyForDeploymentPostprocessing = 0;
			shellPath = /bin/sh;
			shellScript = "\"${PODS_ROOT}/Target Support Files/Pods-RickAndMortyYapDatabase/Pods-RickAndMortyYapDatabase-frameworks.sh\"\n";
			showEnvVarsInLog = 0;
		};
/* End PBXShellScriptBuildPhase section */

/* Begin PBXSourcesBuildPhase section */
		E1B1D74E2CD912EF00013386 /* Sources */ = {
			isa = PBXSourcesBuildPhase;
			buildActionMask = 2147483647;
			files = (
				E1B1D75A2CD912EF00013386 /* ViewController.swift in Sources */,
				E1B1D7782CD914C900013386 /* NetworkError.swift in Sources */,
				E1B1D7562CD912EF00013386 /* AppDelegate.swift in Sources */,
				E1B1D76C2CD913DC00013386 /* CustomUILabel.swift in Sources */,
				E1B1D7762CD914BE00013386 /* NetworkManager.swift in Sources */,
				E1B1D77A2CD914D500013386 /* ImageLoader.swift in Sources */,
				E1B1D7742CD914B300013386 /* Character.swift in Sources */,
				E1B1D77C2CD9157800013386 /* StorageManager.swift in Sources */,
				E1B1D7582CD912EF00013386 /* SceneDelegate.swift in Sources */,
				E1B1D76A2CD913D100013386 /* CharacterTableViewCell.swift in Sources */,
			);
			runOnlyForDeploymentPostprocessing = 0;
		};
/* End PBXSourcesBuildPhase section */

/* Begin PBXVariantGroup section */
		E1B1D7602CD912F000013386 /* LaunchScreen.storyboard */ = {
			isa = PBXVariantGroup;
			children = (
				E1B1D7612CD912F000013386 /* Base */,
			);
			name = LaunchScreen.storyboard;
			sourceTree = "<group>";
		};
/* End PBXVariantGroup section */

/* Begin XCBuildConfiguration section */
		E1B1D7642CD912F000013386 /* Debug */ = {
			isa = XCBuildConfiguration;
			buildSettings = {
				ALWAYS_SEARCH_USER_PATHS = NO;
				CLANG_ANALYZER_NONNULL = YES;
				CLANG_ANALYZER_NUMBER_OBJECT_CONVERSION = YES_AGGRESSIVE;
				CLANG_CXX_LANGUAGE_STANDARD = "gnu++20";
				CLANG_ENABLE_MODULES = YES;
				CLANG_ENABLE_OBJC_ARC = YES;
				CLANG_ENABLE_OBJC_WEAK = YES;
				CLANG_WARN_BLOCK_CAPTURE_AUTORELEASING = YES;
				CLANG_WARN_BOOL_CONVERSION = YES;
				CLANG_WARN_COMMA = YES;
				CLANG_WARN_CONSTANT_CONVERSION = YES;
				CLANG_WARN_DEPRECATED_OBJC_IMPLEMENTATIONS = YES;
				CLANG_WARN_DIRECT_OBJC_ISA_USAGE = YES_ERROR;
				CLANG_WARN_DOCUMENTATION_COMMENTS = YES;
				CLANG_WARN_EMPTY_BODY = YES;
				CLANG_WARN_ENUM_CONVERSION = YES;
				CLANG_WARN_INFINITE_RECURSION = YES;
				CLANG_WARN_INT_CONVERSION = YES;
				CLANG_WARN_NON_LITERAL_NULL_CONVERSION = YES;
				CLANG_WARN_OBJC_IMPLICIT_RETAIN_SELF = YES;
				CLANG_WARN_OBJC_LITERAL_CONVERSION = YES;
				CLANG_WARN_OBJC_ROOT_CLASS = YES_ERROR;
				CLANG_WARN_QUOTED_INCLUDE_IN_FRAMEWORK_HEADER = YES;
				CLANG_WARN_RANGE_LOOP_ANALYSIS = YES;
				CLANG_WARN_STRICT_PROTOTYPES = YES;
				CLANG_WARN_SUSPICIOUS_MOVE = YES;
				CLANG_WARN_UNGUARDED_AVAILABILITY = YES_AGGRESSIVE;
				CLANG_WARN_UNREACHABLE_CODE = YES;
				CLANG_WARN__DUPLICATE_METHOD_MATCH = YES;
				COPY_PHASE_STRIP = NO;
				DEBUG_INFORMATION_FORMAT = dwarf;
				ENABLE_STRICT_OBJC_MSGSEND = YES;
				ENABLE_TESTABILITY = YES;
				GCC_C_LANGUAGE_STANDARD = gnu11;
				GCC_DYNAMIC_NO_PIC = NO;
				GCC_NO_COMMON_BLOCKS = YES;
				GCC_OPTIMIZATION_LEVEL = 0;
				GCC_PREPROCESSOR_DEFINITIONS = (
					"DEBUG=1",
					"$(inherited)",
				);
				GCC_WARN_64_TO_32_BIT_CONVERSION = YES;
				GCC_WARN_ABOUT_RETURN_TYPE = YES_ERROR;
				GCC_WARN_UNDECLARED_SELECTOR = YES;
				GCC_WARN_UNINITIALIZED_AUTOS = YES_AGGRESSIVE;
				GCC_WARN_UNUSED_FUNCTION = YES;
				GCC_WARN_UNUSED_VARIABLE = YES;
				IPHONEOS_DEPLOYMENT_TARGET = 16.4;
				MTL_ENABLE_DEBUG_INFO = INCLUDE_SOURCE;
				MTL_FAST_MATH = YES;
				ONLY_ACTIVE_ARCH = YES;
				SDKROOT = iphoneos;
				SWIFT_ACTIVE_COMPILATION_CONDITIONS = DEBUG;
				SWIFT_OPTIMIZATION_LEVEL = "-Onone";
			};
			name = Debug;
		};
		E1B1D7652CD912F000013386 /* Release */ = {
			isa = XCBuildConfiguration;
			buildSettings = {
				ALWAYS_SEARCH_USER_PATHS = NO;
				CLANG_ANALYZER_NONNULL = YES;
				CLANG_ANALYZER_NUMBER_OBJECT_CONVERSION = YES_AGGRESSIVE;
				CLANG_CXX_LANGUAGE_STANDARD = "gnu++20";
				CLANG_ENABLE_MODULES = YES;
				CLANG_ENABLE_OBJC_ARC = YES;
				CLANG_ENABLE_OBJC_WEAK = YES;
				CLANG_WARN_BLOCK_CAPTURE_AUTORELEASING = YES;
				CLANG_WARN_BOOL_CONVERSION = YES;
				CLANG_WARN_COMMA = YES;
				CLANG_WARN_CONSTANT_CONVERSION = YES;
				CLANG_WARN_DEPRECATED_OBJC_IMPLEMENTATIONS = YES;
				CLANG_WARN_DIRECT_OBJC_ISA_USAGE = YES_ERROR;
				CLANG_WARN_DOCUMENTATION_COMMENTS = YES;
				CLANG_WARN_EMPTY_BODY = YES;
				CLANG_WARN_ENUM_CONVERSION = YES;
				CLANG_WARN_INFINITE_RECURSION = YES;
				CLANG_WARN_INT_CONVERSION = YES;
				CLANG_WARN_NON_LITERAL_NULL_CONVERSION = YES;
				CLANG_WARN_OBJC_IMPLICIT_RETAIN_SELF = YES;
				CLANG_WARN_OBJC_LITERAL_CONVERSION = YES;
				CLANG_WARN_OBJC_ROOT_CLASS = YES_ERROR;
				CLANG_WARN_QUOTED_INCLUDE_IN_FRAMEWORK_HEADER = YES;
				CLANG_WARN_RANGE_LOOP_ANALYSIS = YES;
				CLANG_WARN_STRICT_PROTOTYPES = YES;
				CLANG_WARN_SUSPICIOUS_MOVE = YES;
				CLANG_WARN_UNGUARDED_AVAILABILITY = YES_AGGRESSIVE;
				CLANG_WARN_UNREACHABLE_CODE = YES;
				CLANG_WARN__DUPLICATE_METHOD_MATCH = YES;
				COPY_PHASE_STRIP = NO;
				DEBUG_INFORMATION_FORMAT = "dwarf-with-dsym";
				ENABLE_NS_ASSERTIONS = NO;
				ENABLE_STRICT_OBJC_MSGSEND = YES;
				GCC_C_LANGUAGE_STANDARD = gnu11;
				GCC_NO_COMMON_BLOCKS = YES;
				GCC_WARN_64_TO_32_BIT_CONVERSION = YES;
				GCC_WARN_ABOUT_RETURN_TYPE = YES_ERROR;
				GCC_WARN_UNDECLARED_SELECTOR = YES;
				GCC_WARN_UNINITIALIZED_AUTOS = YES_AGGRESSIVE;
				GCC_WARN_UNUSED_FUNCTION = YES;
				GCC_WARN_UNUSED_VARIABLE = YES;
				IPHONEOS_DEPLOYMENT_TARGET = 16.4;
				MTL_ENABLE_DEBUG_INFO = NO;
				MTL_FAST_MATH = YES;
				SDKROOT = iphoneos;
				SWIFT_COMPILATION_MODE = wholemodule;
				SWIFT_OPTIMIZATION_LEVEL = "-O";
				VALIDATE_PRODUCT = YES;
			};
			name = Release;
		};
		E1B1D7672CD912F000013386 /* Debug */ = {
			isa = XCBuildConfiguration;
			baseConfigurationReference = 67373AB9E3EAB84504683AC9 /* Pods-RickAndMortyYapDatabase.debug.xcconfig */;
			buildSettings = {
				ASSETCATALOG_COMPILER_APPICON_NAME = AppIcon;
				ASSETCATALOG_COMPILER_GLOBAL_ACCENT_COLOR_NAME = AccentColor;
				CODE_SIGN_STYLE = Automatic;
				CURRENT_PROJECT_VERSION = 1;
				DEVELOPMENT_TEAM = QYDD73WSAD;
				GENERATE_INFOPLIST_FILE = YES;
				INFOPLIST_FILE = RickAndMortyYapDatabase/Info.plist;
				INFOPLIST_KEY_UIApplicationSupportsIndirectInputEvents = YES;
				INFOPLIST_KEY_UILaunchStoryboardName = LaunchScreen;
				INFOPLIST_KEY_UISupportedInterfaceOrientations = UIInterfaceOrientationPortrait;
				INFOPLIST_KEY_UISupportedInterfaceOrientations_iPad = "UIInterfaceOrientationLandscapeLeft UIInterfaceOrientationLandscapeRight UIInterfaceOrientationPortrait UIInterfaceOrientationPortraitUpsideDown";
				LD_RUNPATH_SEARCH_PATHS = (
					"$(inherited)",
					"@executable_path/Frameworks",
				);
				MARKETING_VERSION = 1.0;
				PRODUCT_BUNDLE_IDENTIFIER = ronesta.RickAndMortyYapDatabase;
				PRODUCT_NAME = "$(TARGET_NAME)";
				SUPPORTED_PLATFORMS = "iphoneos iphonesimulator";
				SUPPORTS_MACCATALYST = NO;
				SUPPORTS_MAC_DESIGNED_FOR_IPHONE_IPAD = NO;
				SWIFT_EMIT_LOC_STRINGS = YES;
				SWIFT_VERSION = 5.0;
				TARGETED_DEVICE_FAMILY = 1;
			};
			name = Debug;
		};
		E1B1D7682CD912F000013386 /* Release */ = {
			isa = XCBuildConfiguration;
			baseConfigurationReference = 9C5C8372386C477C060F6FA8 /* Pods-RickAndMortyYapDatabase.release.xcconfig */;
			buildSettings = {
				ASSETCATALOG_COMPILER_APPICON_NAME = AppIcon;
				ASSETCATALOG_COMPILER_GLOBAL_ACCENT_COLOR_NAME = AccentColor;
				CODE_SIGN_STYLE = Automatic;
				CURRENT_PROJECT_VERSION = 1;
				DEVELOPMENT_TEAM = QYDD73WSAD;
				GENERATE_INFOPLIST_FILE = YES;
				INFOPLIST_FILE = RickAndMortyYapDatabase/Info.plist;
				INFOPLIST_KEY_UIApplicationSupportsIndirectInputEvents = YES;
				INFOPLIST_KEY_UILaunchStoryboardName = LaunchScreen;
				INFOPLIST_KEY_UISupportedInterfaceOrientations = UIInterfaceOrientationPortrait;
				INFOPLIST_KEY_UISupportedInterfaceOrientations_iPad = "UIInterfaceOrientationLandscapeLeft UIInterfaceOrientationLandscapeRight UIInterfaceOrientationPortrait UIInterfaceOrientationPortraitUpsideDown";
				LD_RUNPATH_SEARCH_PATHS = (
					"$(inherited)",
					"@executable_path/Frameworks",
				);
				MARKETING_VERSION = 1.0;
				PRODUCT_BUNDLE_IDENTIFIER = ronesta.RickAndMortyYapDatabase;
				PRODUCT_NAME = "$(TARGET_NAME)";
				SUPPORTED_PLATFORMS = "iphoneos iphonesimulator";
				SUPPORTS_MACCATALYST = NO;
				SUPPORTS_MAC_DESIGNED_FOR_IPHONE_IPAD = NO;
				SWIFT_EMIT_LOC_STRINGS = YES;
				SWIFT_VERSION = 5.0;
				TARGETED_DEVICE_FAMILY = 1;
			};
			name = Release;
		};
/* End XCBuildConfiguration section */

/* Begin XCConfigurationList section */
		E1B1D74D2CD912EF00013386 /* Build configuration list for PBXProject "RickAndMortyYapDatabase" */ = {
			isa = XCConfigurationList;
			buildConfigurations = (
				E1B1D7642CD912F000013386 /* Debug */,
				E1B1D7652CD912F000013386 /* Release */,
			);
			defaultConfigurationIsVisible = 0;
			defaultConfigurationName = Release;
		};
		E1B1D7662CD912F000013386 /* Build configuration list for PBXNativeTarget "RickAndMortyYapDatabase" */ = {
			isa = XCConfigurationList;
			buildConfigurations = (
				E1B1D7672CD912F000013386 /* Debug */,
				E1B1D7682CD912F000013386 /* Release */,
			);
			defaultConfigurationIsVisible = 0;
			defaultConfigurationName = Release;
		};
/* End XCConfigurationList section */

/* Begin XCRemoteSwiftPackageReference section */
		E1B1D7702CD9146D00013386 /* XCRemoteSwiftPackageReference "SnapKit" */ = {
			isa = XCRemoteSwiftPackageReference;
			repositoryURL = "https://github.com/SnapKit/SnapKit";
			requirement = {
				kind = upToNextMajorVersion;
				minimumVersion = 5.0.0;
			};
		};
/* End XCRemoteSwiftPackageReference section */

/* Begin XCSwiftPackageProductDependency section */
		E1B1D7712CD9146D00013386 /* SnapKit */ = {
			isa = XCSwiftPackageProductDependency;
			package = E1B1D7702CD9146D00013386 /* XCRemoteSwiftPackageReference "SnapKit" */;
			productName = SnapKit;
		};
/* End XCSwiftPackageProductDependency section */
	};
	rootObject = E1B1D74A2CD912EF00013386 /* Project object */;
}
